Microsoft Visual Studio Solution File, Format Version 12.00
# Visual Studio Version 17
VisualStudioVersion = 17.5.2.0
MinimumVisualStudioVersion = 10.0.40219.1

Project("{2150E333-8FDC-42A3-9474-1A3956D46DE8}") = "server", "server", "{DAD03CFC-D5FA-AC94-41C7-9ABAB326F09E}"
EndProject

Project("{9A19103F-16F7-4668-BE54-9EEA9F9A8F40}") = "FrcsPos", "FrcsPos\FrcsPos.csproj", "{F9ADB2E1-340F-4255-EAD8-03F62FA8CEF2}"
EndProject

Project("{9A19103F-16F7-4668-BE54-9EEA9F9A8F40}") = "FrcsPos.Test", "FrcsPos.Test\FrcsPos.Test.csproj", "{A1B2C3D4-5678-90AB-CDEF-1234567890AB}"
EndProject

Global
	GlobalSection(SolutionConfigurationPlatforms) = preSolution
		Debug|Any CPU = Debug|Any CPU
		Release|Any CPU = Release|Any CPU
	EndGlobalSection

	GlobalSection(ProjectConfigurationPlatforms) = postSolution
		{F9ADB2E1-340F-4255-EAD8-03F62FA8CEF2}.Debug|Any CPU.ActiveCfg = Debug|Any CPU
		{F9ADB2E1-340F-4255-EAD8-03F62FA8CEF2}.Debug|Any CPU.Build.0 = Debug|Any CPU
		{F9ADB2E1-340F-4255-EAD8-03F62FA8CEF2}.Release|Any CPU.ActiveCfg = Release|Any CPU
		{F9ADB2E1-340F-4255-EAD8-03F62FA8CEF2}.Release|Any CPU.Build.0 = Release|Any CPU

		{A1B2C3D4-5678-90AB-CDEF-1234567890AB}.Debug|Any CPU.Active |Any CPU.Build.0 = Debug|Any CPU
		{A1B2C3D4-5678-90AB-CDEF-1234567890AB}.Debug|Any CPU.ActiveCfg = Debug|Any CPU
		{A1B2C3D4-5678-90AB-CDEF-1234567890AB}.Release|Any CPU.ActiveCfg = Release|Any CPU
		{A1B2C3D4-5678-90AB-CDEF-1234567890AB}.Release|Any CPU.Build.0 = Release|Any CPU
	EndGlobalSection

	GlobalSection(SolutionProperties) = preSolution
		HideSolutionNode = FALSE
	EndGlobalSection

	GlobalSection(NestedProjects) = preSolution
		{F9ADB2E1-340F-4255-EAD8-03F62FA8CEF2} = {DAD03CFC-D5FA-AC94-41C7-9ABAB326F09E}
		{A1B2C3D4-5678-90AB-CDEF-1234567890AB} = {DAD03CFC-D5FA-AC94-41C7-9ABAB326F09E}
	EndGlobalSection

	GlobalSection(ExtensibilityGlobals) = postSolution
		SolutionGuid = {DC51A940-B96B-4D03-B848-6D44DD4D5D36}
	EndGlobalSection
EndGlobal